
Microsoft Visual Studio Solution File, Format Version 12.00
# Visual Studio 15
VisualStudioVersion = 15.0.27130.2010
MinimumVisualStudioVersion = 10.0.40219.1
Project("{FAE04EC0-301F-11D3-BF4B-00C04F79EFBC}") = "WenDangGuanli", "WenDangGuanli\WenDangGuanli.csproj", "{C3915EAE-3DB1-43B4-81F4-E21B39E3A3B2}"
EndProject
Global
	GlobalSection(SolutionConfigurationPlatforms) = preSolution
		Debug|Any CPU = Debug|Any CPU
		Release|Any CPU = Release|Any CPU
	EndGlobalSection
	GlobalSection(ProjectConfigurationPlatforms) = postSolution
		{C3915EAE-3DB1-43B4-81F4-E21B39E3A3B2}.Debug|Any CPU.ActiveCfg = Debug|Any CPU
		{C3915EAE-3DB1-43B4-81F4-E21B39E3A3B2}.Debug|Any CPU.Build.0 = Debug|Any CPU
		{C3915EAE-3DB1-43B4-81F4-E21B39E3A3B2}.Release|Any CPU.ActiveCfg = Release|Any CPU
		{C3915EAE-3DB1-43B4-81F4-E21B39E3A3B2}.Release|Any CPU.Build.0 = Release|Any CPU
	EndGlobalSection
	GlobalSection(SolutionProperties) = preSolution
		HideSolutionNode = FALSE
	EndGlobalSection
	GlobalSection(ExtensibilityGlobals) = postSolution
		SolutionGuid = {102BF0FE-F4B3-4630-8EEA-616DD1A4FB08}
	EndGlobalSection
EndGlobal
